
Microsoft Visual Studio Solution File, Format Version 12.00
# Visual Studio Version 16
VisualStudioVersion = 16.0.31129.286
MinimumVisualStudioVersion = 10.0.40219.1
Project("{FAE04EC0-301F-11D3-BF4B-00C04F79EFBC}") = "ConsoleApp4", "ConsoleApp4\ConsoleApp4.csproj", "{BA96A61B-7944-41E6-BF23-FCAF960F8DE2}"
EndProject
Project("{FAE04EC0-301F-11D3-BF4B-00C04F79EFBC}") = "TestProject4", "TestProject4\TestProject4.csproj", "{8B05A226-5A2C-495D-871E-4F831B147ACA}"
EndProject
Global
	GlobalSection(SolutionConfigurationPlatforms) = preSolution
		Debug|Any CPU = Debug|Any CPU
		Release|Any CPU = Release|Any CPU
	EndGlobalSection
	GlobalSection(ProjectConfigurationPlatforms) = postSolution
		{BA96A61B-7944-41E6-BF23-FCAF960F8DE2}.Debug|Any CPU.ActiveCfg = Debug|Any CPU
		{BA96A61B-7944-41E6-BF23-FCAF960F8DE2}.Debug|Any CPU.Build.0 = Debug|Any CPU
		{BA96A61B-7944-41E6-BF23-FCAF960F8DE2}.Release|Any CPU.ActiveCfg = Release|Any CPU
		{BA96A61B-7944-41E6-BF23-FCAF960F8DE2}.Release|Any CPU.Build.0 = Release|Any CPU
		{8B05A226-5A2C-495D-871E-4F831B147ACA}.Debug|Any CPU.ActiveCfg = Debug|Any CPU
		{8B05A226-5A2C-495D-871E-4F831B147ACA}.Debug|Any CPU.Build.0 = Debug|Any CPU
		{8B05A226-5A2C-495D-871E-4F831B147ACA}.Release|Any CPU.ActiveCfg = Release|Any CPU
		{8B05A226-5A2C-495D-871E-4F831B147ACA}.Release|Any CPU.Build.0 = Release|Any CPU
	EndGlobalSection
	GlobalSection(SolutionProperties) = preSolution
		HideSolutionNode = FALSE
	EndGlobalSection
	GlobalSection(ExtensibilityGlobals) = postSolution
		SolutionGuid = {0290F2BD-B2E9-4B2E-B086-C86371FEEE0F}
	EndGlobalSection
EndGlobal
